// !$*UTF8*$!
{
	archiveVersion = 1;
	classes = {
	};
	objectVersion = 52;
	objects = {

/* Begin PBXBuildFile section */
		3749318B1BF169C90087E39F /* AppDelegate.swift in Sources */ = {isa = PBXBuildFile; fileRef = 3749318A1BF169C90087E39F /* AppDelegate.swift */; };
		3749318D1BF169C90087E39F /* ViewController.swift in Sources */ = {isa = PBXBuildFile; fileRef = 3749318C1BF169C90087E39F /* ViewController.swift */; };
		3749318F1BF169C90087E39F /* Assets.xcassets in Resources */ = {isa = PBXBuildFile; fileRef = 3749318E1BF169C90087E39F /* Assets.xcassets */; };
		374931921BF169C90087E39F /* Main.storyboard in Resources */ = {isa = PBXBuildFile; fileRef = 374931901BF169C90087E39F /* Main.storyboard */; };
		3749319A1BF16D980087E39F /* BluetilityWindowController.swift in Sources */ = {isa = PBXBuildFile; fileRef = 374931991BF16D980087E39F /* BluetilityWindowController.swift */; };
		3749319C1BF173470087E39F /* Scanner.swift in Sources */ = {isa = PBXBuildFile; fileRef = 3749319B1BF173470087E39F /* Scanner.swift */; };
		3769BDE01C308814004C089D /* Credits.html in Resources */ = {isa = PBXBuildFile; fileRef = 3769BDDF1C308814004C089D /* Credits.html */; };
		3769BDE41C32FB0D004C089D /* LogViewController.swift in Sources */ = {isa = PBXBuildFile; fileRef = 3769BDE31C32FB0D004C089D /* LogViewController.swift */; };
		37F9CCD51C21D856003580CB /* PasteboardBrowser.swift in Sources */ = {isa = PBXBuildFile; fileRef = 37F9CCD41C21D856003580CB /* PasteboardBrowser.swift */; };
		505C6E80233FC8C400ABC0A3 /* NSTextField+Shake.swift in Sources */ = {isa = PBXBuildFile; fileRef = 505C6E7F233FC8C400ABC0A3 /* NSTextField+Shake.swift */; };
		D89F265029A1B5DF00061958 /* Logging in Frameworks */ = {isa = PBXBuildFile; productRef = D89F264F29A1B5DF00061958 /* Logging */; };
		D89F265529A1C56300061958 /* BluetilityLogHandler.swift in Sources */ = {isa = PBXBuildFile; fileRef = D89F265429A1C56300061958 /* BluetilityLogHandler.swift */; };
		D89F71D324ACF02800861217 /* Device.swift in Sources */ = {isa = PBXBuildFile; fileRef = D89F71D224ACF02700861217 /* Device.swift */; };
		D89F71D724ACF67500861217 /* Swift+Extensions.swift in Sources */ = {isa = PBXBuildFile; fileRef = D89F71D624ACF67500861217 /* Swift+Extensions.swift */; };
/* End PBXBuildFile section */

/* Begin PBXFileReference section */
		374931871BF169C90087E39F /* Bluetility.app */ = {isa = PBXFileReference; explicitFileType = wrapper.application; includeInIndex = 0; path = Bluetility.app; sourceTree = BUILT_PRODUCTS_DIR; };
		3749318A1BF169C90087E39F /* AppDelegate.swift */ = {isa = PBXFileReference; lastKnownFileType = sourcecode.swift; path = AppDelegate.swift; sourceTree = "<group>"; };
		3749318C1BF169C90087E39F /* ViewController.swift */ = {isa = PBXFileReference; lastKnownFileType = sourcecode.swift; path = ViewController.swift; sourceTree = "<group>"; };
		3749318E1BF169C90087E39F /* Assets.xcassets */ = {isa = PBXFileReference; lastKnownFileType = folder.assetcatalog; path = Assets.xcassets; sourceTree = "<group>"; };
		374931911BF169C90087E39F /* Base */ = {isa = PBXFileReference; lastKnownFileType = file.storyboard; name = Base; path = Base.lproj/Main.storyboard; sourceTree = "<group>"; };
		374931931BF169C90087E39F /* Info.plist */ = {isa = PBXFileReference; lastKnownFileType = text.plist.xml; path = Info.plist; sourceTree = "<group>"; };
		374931991BF16D980087E39F /* BluetilityWindowController.swift */ = {isa = PBXFileReference; fileEncoding = 4; lastKnownFileType = sourcecode.swift; path = BluetilityWindowController.swift; sourceTree = "<group>"; };
		3749319B1BF173470087E39F /* Scanner.swift */ = {isa = PBXFileReference; fileEncoding = 4; lastKnownFileType = sourcecode.swift; path = Scanner.swift; sourceTree = "<group>"; };
		3769BDDF1C308814004C089D /* Credits.html */ = {isa = PBXFileReference; fileEncoding = 4; lastKnownFileType = text.html; path = Credits.html; sourceTree = "<group>"; };
		3769BDE31C32FB0D004C089D /* LogViewController.swift */ = {isa = PBXFileReference; fileEncoding = 4; lastKnownFileType = sourcecode.swift; path = LogViewController.swift; sourceTree = "<group>"; };
		37F9CCD41C21D856003580CB /* PasteboardBrowser.swift */ = {isa = PBXFileReference; fileEncoding = 4; lastKnownFileType = sourcecode.swift; path = PasteboardBrowser.swift; sourceTree = "<group>"; };
		505C6E7F233FC8C400ABC0A3 /* NSTextField+Shake.swift */ = {isa = PBXFileReference; lastKnownFileType = sourcecode.swift; path = "NSTextField+Shake.swift"; sourceTree = "<group>"; };
		D82AF517222AF834005D80D1 /* fastlane */ = {isa = PBXFileReference; lastKnownFileType = folder; path = fastlane; sourceTree = "<group>"; };
		D85908F12427E34700CBECC9 /* Shared.xcconfig */ = {isa = PBXFileReference; lastKnownFileType = text.xcconfig; path = Shared.xcconfig; sourceTree = "<group>"; };
		D85908F22427E34700CBECC9 /* Debug.xcconfig */ = {isa = PBXFileReference; lastKnownFileType = text.xcconfig; path = Debug.xcconfig; sourceTree = "<group>"; };
		D85908F32427E34700CBECC9 /* Release.xcconfig */ = {isa = PBXFileReference; lastKnownFileType = text.xcconfig; path = Release.xcconfig; sourceTree = "<group>"; };
		D85908F42427E34700CBECC9 /* Warnings.xcconfig */ = {isa = PBXFileReference; lastKnownFileType = text.xcconfig; path = Warnings.xcconfig; sourceTree = "<group>"; };
		D8789F0E24390B7900B83AA4 /* README.md */ = {isa = PBXFileReference; lastKnownFileType = net.daringfireball.markdown; path = README.md; sourceTree = "<group>"; };
		D89F265429A1C56300061958 /* BluetilityLogHandler.swift */ = {isa = PBXFileReference; lastKnownFileType = sourcecode.swift; path = BluetilityLogHandler.swift; sourceTree = "<group>"; };
		D89F71D024AC084B00861217 /* Gemfile */ = {isa = PBXFileReference; lastKnownFileType = text; path = Gemfile; sourceTree = "<group>"; };
		D89F71D124AC084B00861217 /* LICENSE.md */ = {isa = PBXFileReference; lastKnownFileType = net.daringfireball.markdown; path = LICENSE.md; sourceTree = "<group>"; };
		D89F71D224ACF02700861217 /* Device.swift */ = {isa = PBXFileReference; lastKnownFileType = sourcecode.swift; path = Device.swift; sourceTree = "<group>"; };
		D89F71D624ACF67500861217 /* Swift+Extensions.swift */ = {isa = PBXFileReference; lastKnownFileType = sourcecode.swift; path = "Swift+Extensions.swift"; sourceTree = "<group>"; };
/* End PBXFileReference section */

/* Begin PBXFrameworksBuildPhase section */
		374931841BF169C90087E39F /* Frameworks */ = {
			isa = PBXFrameworksBuildPhase;
			buildActionMask = 2147483647;
			files = (
				D89F265029A1B5DF00061958 /* Logging in Frameworks */,
			);
			runOnlyForDeploymentPostprocessing = 0;
		};
/* End PBXFrameworksBuildPhase section */

/* Begin PBXGroup section */
		3749317E1BF169C90087E39F = {
			isa = PBXGroup;
			children = (
				D8789F0E24390B7900B83AA4 /* README.md */,
				374931891BF169C90087E39F /* Bluetility */,
				D85908F02427E34700CBECC9 /* Config */,
				374931881BF169C90087E39F /* Products */,
				D82AF517222AF834005D80D1 /* fastlane */,
				D89F71D024AC084B00861217 /* Gemfile */,
				D89F71D124AC084B00861217 /* LICENSE.md */,
			);
			sourceTree = "<group>";
		};
		374931881BF169C90087E39F /* Products */ = {
			isa = PBXGroup;
			children = (
				374931871BF169C90087E39F /* Bluetility.app */,
			);
			name = Products;
			sourceTree = "<group>";
		};
		374931891BF169C90087E39F /* Bluetility */ = {
			isa = PBXGroup;
			children = (
				3749318A1BF169C90087E39F /* AppDelegate.swift */,
				374931991BF16D980087E39F /* BluetilityWindowController.swift */,
				D89F71D224ACF02700861217 /* Device.swift */,
				3749319B1BF173470087E39F /* Scanner.swift */,
				3749318C1BF169C90087E39F /* ViewController.swift */,
				3749318E1BF169C90087E39F /* Assets.xcassets */,
				374931901BF169C90087E39F /* Main.storyboard */,
				374931931BF169C90087E39F /* Info.plist */,
				37F9CCD41C21D856003580CB /* PasteboardBrowser.swift */,
				3769BDDF1C308814004C089D /* Credits.html */,
				3769BDE31C32FB0D004C089D /* LogViewController.swift */,
				D89F71D624ACF67500861217 /* Swift+Extensions.swift */,
				505C6E7F233FC8C400ABC0A3 /* NSTextField+Shake.swift */,
				D89F265429A1C56300061958 /* BluetilityLogHandler.swift */,
			);
			path = Bluetility;
			sourceTree = "<group>";
		};
		D85908F02427E34700CBECC9 /* Config */ = {
			isa = PBXGroup;
			children = (
				D85908F12427E34700CBECC9 /* Shared.xcconfig */,
				D85908F22427E34700CBECC9 /* Debug.xcconfig */,
				D85908F32427E34700CBECC9 /* Release.xcconfig */,
				D85908F42427E34700CBECC9 /* Warnings.xcconfig */,
			);
			path = Config;
			sourceTree = "<group>";
		};
/* End PBXGroup section */

/* Begin PBXNativeTarget section */
		374931861BF169C90087E39F /* Bluetility */ = {
			isa = PBXNativeTarget;
			buildConfigurationList = 374931961BF169C90087E39F /* Build configuration list for PBXNativeTarget "Bluetility" */;
			buildPhases = (
				374931831BF169C90087E39F /* Sources */,
				374931841BF169C90087E39F /* Frameworks */,
				374931851BF169C90087E39F /* Resources */,
			);
			buildRules = (
			);
			dependencies = (
			);
			name = Bluetility;
			packageProductDependencies = (
				D89F264F29A1B5DF00061958 /* Logging */,
			);
			productName = Bluetility;
			productReference = 374931871BF169C90087E39F /* Bluetility.app */;
			productType = "com.apple.product-type.application";
		};
/* End PBXNativeTarget section */

/* Begin PBXProject section */
		3749317F1BF169C90087E39F /* Project object */ = {
			isa = PBXProject;
			attributes = {
				LastSwiftUpdateCheck = 0710;
				LastUpgradeCheck = 1320;
				ORGANIZATIONNAME = "Joseph Ross";
				TargetAttributes = {
					374931861BF169C90087E39F = {
						CreatedOnToolsVersion = 7.1;
						LastSwiftMigration = 1130;
						ProvisioningStyle = Manual;
						SystemCapabilities = {
							com.apple.HardenedRuntime = {
								enabled = 1;
							};
						};
					};
				};
			};
			buildConfigurationList = 374931821BF169C90087E39F /* Build configuration list for PBXProject "Bluetility" */;
			compatibilityVersion = "Xcode 3.2";
			developmentRegion = en;
			hasScannedForEncodings = 0;
			knownRegions = (
				en,
				Base,
			);
			mainGroup = 3749317E1BF169C90087E39F;
			packageReferences = (
				D89F264E29A1B5DF00061958 /* XCRemoteSwiftPackageReference "swift-log" */,
			);
			productRefGroup = 374931881BF169C90087E39F /* Products */;
			projectDirPath = "";
			projectRoot = "";
			targets = (
				374931861BF169C90087E39F /* Bluetility */,
			);
		};
/* End PBXProject section */

/* Begin PBXResourcesBuildPhase section */
		374931851BF169C90087E39F /* Resources */ = {
			isa = PBXResourcesBuildPhase;
			buildActionMask = 2147483647;
			files = (
				3749318F1BF169C90087E39F /* Assets.xcassets in Resources */,
				3769BDE01C308814004C089D /* Credits.html in Resources */,
				374931921BF169C90087E39F /* Main.storyboard in Resources */,
			);
			runOnlyForDeploymentPostprocessing = 0;
		};
/* End PBXResourcesBuildPhase section */

/* Begin PBXSourcesBuildPhase section */
		374931831BF169C90087E39F /* Sources */ = {
			isa = PBXSourcesBuildPhase;
			buildActionMask = 2147483647;
			files = (
				3749319A1BF16D980087E39F /* BluetilityWindowController.swift in Sources */,
				3749318D1BF169C90087E39F /* ViewController.swift in Sources */,
				37F9CCD51C21D856003580CB /* PasteboardBrowser.swift in Sources */,
				505C6E80233FC8C400ABC0A3 /* NSTextField+Shake.swift in Sources */,
				D89F71D724ACF67500861217 /* Swift+Extensions.swift in Sources */,
				3769BDE41C32FB0D004C089D /* LogViewController.swift in Sources */,
				D89F265529A1C56300061958 /* BluetilityLogHandler.swift in Sources */,
				3749319C1BF173470087E39F /* Scanner.swift in Sources */,
				3749318B1BF169C90087E39F /* AppDelegate.swift in Sources */,
				D89F71D324ACF02800861217 /* Device.swift in Sources */,
			);
			runOnlyForDeploymentPostprocessing = 0;
		};
/* End PBXSourcesBuildPhase section */

/* Begin PBXVariantGroup section */
		374931901BF169C90087E39F /* Main.storyboard */ = {
			isa = PBXVariantGroup;
			children = (
				374931911BF169C90087E39F /* Base */,
			);
			name = Main.storyboard;
			sourceTree = "<group>";
		};
/* End PBXVariantGroup section */

/* Begin XCBuildConfiguration section */
		374931941BF169C90087E39F /* Debug */ = {
			isa = XCBuildConfiguration;
			baseConfigurationReference = D85908F22427E34700CBECC9 /* Debug.xcconfig */;
			buildSettings = {
			};
			name = Debug;
		};
		374931951BF169C90087E39F /* Release */ = {
			isa = XCBuildConfiguration;
			baseConfigurationReference = D85908F32427E34700CBECC9 /* Release.xcconfig */;
			buildSettings = {
			};
			name = Release;
		};
		374931971BF169C90087E39F /* Debug */ = {
			isa = XCBuildConfiguration;
			baseConfigurationReference = D85908F22427E34700CBECC9 /* Debug.xcconfig */;
			buildSettings = {
			};
			name = Debug;
		};
		374931981BF169C90087E39F /* Release */ = {
			isa = XCBuildConfiguration;
			baseConfigurationReference = D85908F32427E34700CBECC9 /* Release.xcconfig */;
			buildSettings = {
			};
			name = Release;
		};
/* End XCBuildConfiguration section */

/* Begin XCConfigurationList section */
		374931821BF169C90087E39F /* Build configuration list for PBXProject "Bluetility" */ = {
			isa = XCConfigurationList;
			buildConfigurations = (
				374931941BF169C90087E39F /* Debug */,
				374931951BF169C90087E39F /* Release */,
			);
			defaultConfigurationIsVisible = 0;
			defaultConfigurationName = Release;
		};
		374931961BF169C90087E39F /* Build configuration list for PBXNativeTarget "Bluetility" */ = {
			isa = XCConfigurationList;
			buildConfigurations = (
				374931971BF169C90087E39F /* Debug */,
				374931981BF169C90087E39F /* Release */,
			);
			defaultConfigurationIsVisible = 0;
			defaultConfigurationName = Release;
		};
/* End XCConfigurationList section */

/* Begin XCRemoteSwiftPackageReference section */
		D89F264E29A1B5DF00061958 /* XCRemoteSwiftPackageReference "swift-log" */ = {
			isa = XCRemoteSwiftPackageReference;
			repositoryURL = "https://github.com/apple/swift-log.git";
			requirement = {
				kind = upToNextMajorVersion;
				minimumVersion = 1.0.0;
			};
		};
/* End XCRemoteSwiftPackageReference section */

/* Begin XCSwiftPackageProductDependency section */
		D89F264F29A1B5DF00061958 /* Logging */ = {
			isa = XCSwiftPackageProductDependency;
			package = D89F264E29A1B5DF00061958 /* XCRemoteSwiftPackageReference "swift-log" */;
			productName = Logging;
		};
/* End XCSwiftPackageProductDependency section */
	};
	rootObject = 3749317F1BF169C90087E39F /* Project object */;
}
